// !$*UTF8*$!
{
	archiveVersion = 1;
	classes = {
	};
	objectVersion = 77;
	objects = {

/* Begin PBXBuildFile section */
		1783C53E3E28BD979C429371 /* KVStoreTestView.swift in Sources */ = {isa = PBXBuildFile; fileRef = 43FD5BA3F993E2EC84D0682B /* KVStoreTestView.swift */; };
		623757CEB67AAF5D37D49B74 /* AuthSectionView.swift in Sources */ = {isa = PBXBuildFile; fileRef = 3DA37A3DA9EB0811E01B9A27 /* AuthSectionView.swift */; };
		64CC109D5839C1518392447B /* ResultMessage.swift in Sources */ = {isa = PBXBuildFile; fileRef = F5F332551DFE486390FD65DB /* ResultMessage.swift */; };
		7F6ED8289169A6E26C9D8255 /* RunAllTestsView.swift in Sources */ = {isa = PBXBuildFile; fileRef = C9359B56FECB21725FE29917 /* RunAllTestsView.swift */; };
		971014432FAD324600F8BE36 /* Assets.xcassets in Resources */ = {isa = PBXBuildFile; fileRef = 971014422FAD324600F8BE36 /* Assets.xcassets */; };
		97347CEA2FE064CF00C2227D /* BlocksRuntime in Frameworks */ = {isa = PBXBuildFile; productRef = 97BA2C0D2FB55C3F003AA34A /* BlocksRuntime */; };
		97347CEE2FE0651B00C2227D /* Models.swift in Sources */ = {isa = PBXBuildFile; fileRef = 97347CEC2FE0651B00C2227D /* Models.swift */; };
		97347CEF2FE0651B00C2227D /* API.swift in Sources */ = {isa = PBXBuildFile; fileRef = 97347CEB2FE0651B00C2227D /* API.swift */; };
		978664F32FB2B1DE002DB8C6 /* CursorTrackingView.swift in Sources */ = {isa = PBXBuildFile; fileRef = 978664F22FB2B1DE002DB8C6 /* CursorTrackingView.swift */; };
		978664FB2FB51C0F002DB8C6 /* FileTransferView.swift in Sources */ = {isa = PBXBuildFile; fileRef = 978664FA2FB51C0F002DB8C6 /* FileTransferView.swift */; };
		AAA4A822A7B7E823514DE5A3 /* CookieTestView.swift in Sources */ = {isa = PBXBuildFile; fileRef = 0FFEEF3523A7EEC6A59CD0DE /* CookieTestView.swift */; };
		B89D61708E2F09FFE98CC749 /* TodoSectionView.swift in Sources */ = {isa = PBXBuildFile; fileRef = B8151EC5093F831E4D7BFED9 /* TodoSectionView.swift */; };
		E00CF340A352AECF7776352B /* App.swift in Sources */ = {isa = PBXBuildFile; fileRef = 1A08F068F9DAF01C06673CB2 /* App.swift */; };
/* End PBXBuildFile section */

/* Begin PBXFileReference section */
		019CD0B29C0E74EE88E50D80 /* BlocksDemo.app */ = {isa = PBXFileReference; explicitFileType = wrapper.application; includeInIndex = 0; path = BlocksDemo.app; sourceTree = BUILT_PRODUCTS_DIR; };
		0FFEEF3523A7EEC6A59CD0DE /* CookieTestView.swift */ = {isa = PBXFileReference; lastKnownFileType = sourcecode.swift; path = CookieTestView.swift; sourceTree = "<group>"; };
		1A08F068F9DAF01C06673CB2 /* App.swift */ = {isa = PBXFileReference; lastKnownFileType = sourcecode.swift; path = App.swift; sourceTree = "<group>"; };
		3DA37A3DA9EB0811E01B9A27 /* AuthSectionView.swift */ = {isa = PBXFileReference; lastKnownFileType = sourcecode.swift; path = AuthSectionView.swift; sourceTree = "<group>"; };
		43FD5BA3F993E2EC84D0682B /* KVStoreTestView.swift */ = {isa = PBXFileReference; lastKnownFileType = sourcecode.swift; path = KVStoreTestView.swift; sourceTree = "<group>"; };
		971014422FAD324600F8BE36 /* Assets.xcassets */ = {isa = PBXFileReference; lastKnownFileType = folder.assetcatalog; path = Assets.xcassets; sourceTree = "<group>"; };
		97347CEB2FE0651B00C2227D /* API.swift */ = {isa = PBXFileReference; lastKnownFileType = sourcecode.swift; path = API.swift; sourceTree = "<group>"; };
		97347CEC2FE0651B00C2227D /* Models.swift */ = {isa = PBXFileReference; lastKnownFileType = sourcecode.swift; path = Models.swift; sourceTree = "<group>"; };
		978664F22FB2B1DE002DB8C6 /* CursorTrackingView.swift */ = {isa = PBXFileReference; lastKnownFileType = sourcecode.swift; path = CursorTrackingView.swift; sourceTree = "<group>"; };
		978664FA2FB51C0F002DB8C6 /* FileTransferView.swift */ = {isa = PBXFileReference; lastKnownFileType = sourcecode.swift; path = FileTransferView.swift; sourceTree = "<group>"; };
		B8151EC5093F831E4D7BFED9 /* TodoSectionView.swift */ = {isa = PBXFileReference; lastKnownFileType = sourcecode.swift; path = TodoSectionView.swift; sourceTree = "<group>"; };
		C9359B56FECB21725FE29917 /* RunAllTestsView.swift */ = {isa = PBXFileReference; lastKnownFileType = sourcecode.swift; path = RunAllTestsView.swift; sourceTree = "<group>"; };
		F5F332551DFE486390FD65DB /* ResultMessage.swift */ = {isa = PBXFileReference; lastKnownFileType = sourcecode.swift; path = ResultMessage.swift; sourceTree = "<group>"; };
/* End PBXFileReference section */

/* Begin PBXFrameworksBuildPhase section */
		97E95A312FAD44C0003B4D30 /* Frameworks */ = {
			isa = PBXFrameworksBuildPhase;
			buildActionMask = 2147483647;
			files = (
				97347CEA2FE064CF00C2227D /* BlocksRuntime in Frameworks */,
			);
			runOnlyForDeploymentPostprocessing = 0;
		};
/* End PBXFrameworksBuildPhase section */

/* Begin PBXGroup section */
		19AB9E99E3F66B02B210AD28 = {
			isa = PBXGroup;
			children = (
				97347CED2FE0651B00C2227D /* Generated */,
				971014422FAD324600F8BE36 /* Assets.xcassets */,
				1A08F068F9DAF01C06673CB2 /* App.swift */,
				311B13E1B0B7FA8360F79B38 /* Views */,
				971014622FAD394B00F8BE36 /* Frameworks */,
				5E8781BE89E7C609661A65D7 /* Products */,
			);
			sourceTree = "<group>";
		};
		311B13E1B0B7FA8360F79B38 /* Views */ = {
			isa = PBXGroup;
			children = (
				978664FA2FB51C0F002DB8C6 /* FileTransferView.swift */,
				978664F22FB2B1DE002DB8C6 /* CursorTrackingView.swift */,
				3DA37A3DA9EB0811E01B9A27 /* AuthSectionView.swift */,
				0FFEEF3523A7EEC6A59CD0DE /* CookieTestView.swift */,
				43FD5BA3F993E2EC84D0682B /* KVStoreTestView.swift */,
				F5F332551DFE486390FD65DB /* ResultMessage.swift */,
				C9359B56FECB21725FE29917 /* RunAllTestsView.swift */,
				B8151EC5093F831E4D7BFED9 /* TodoSectionView.swift */,
			);
			path = Views;
			sourceTree = "<group>";
		};
		5E8781BE89E7C609661A65D7 /* Products */ = {
			isa = PBXGroup;
			children = (
				019CD0B29C0E74EE88E50D80 /* BlocksDemo.app */,
			);
			name = Products;
			sourceTree = "<group>";
		};
		971014622FAD394B00F8BE36 /* Frameworks */ = {
			isa = PBXGroup;
			children = (
			);
			name = Frameworks;
			sourceTree = "<group>";
		};
		97347CED2FE0651B00C2227D /* Generated */ = {
			isa = PBXGroup;
			children = (
				97347CEB2FE0651B00C2227D /* API.swift */,
				97347CEC2FE0651B00C2227D /* Models.swift */,
			);
			path = Generated;
			sourceTree = "<group>";
		};
/* End PBXGroup section */

/* Begin PBXNativeTarget section */
		78FCB906C40832C3A15EF755 /* BlocksDemo */ = {
			isa = PBXNativeTarget;
			buildConfigurationList = FEC6265A8057F08EF56599DB /* Build configuration list for PBXNativeTarget "BlocksDemo" */;
			buildPhases = (
				6CBF6C26B8BED579FCBA0BB5 /* Sources */,
				00CB570BF29EE92CE86C9564 /* Resources */,
				97E95A312FAD44C0003B4D30 /* Frameworks */,
			);
			buildRules = (
			);
			dependencies = (
			);
			name = BlocksDemo;
			packageProductDependencies = (
				97E624262FB546D200A9D72A /* BlocksRuntime */,
				97BA2C0D2FB55C3F003AA34A /* BlocksRuntime */,
				97FEC4F42FD0A47C00B701DE /* BlocksRuntime */,
			);
			productName = BlocksDemo;
			productReference = 019CD0B29C0E74EE88E50D80 /* BlocksDemo.app */;
			productType = "com.apple.product-type.application";
		};
/* End PBXNativeTarget section */

/* Begin PBXProject section */
		FC3C7BAB5708ED408A409ADF /* Project object */ = {
			isa = PBXProject;
			attributes = {
				BuildIndependentTargetsInParallel = YES;
				LastUpgradeCheck = 2600;
				TargetAttributes = {
					78FCB906C40832C3A15EF755 = {
						DevelopmentTeam = "";
					};
				};
			};
			buildConfigurationList = C795311E88893F0280B58756 /* Build configuration list for PBXProject "BlocksDemo" */;
			developmentRegion = en;
			hasScannedForEncodings = 0;
			knownRegions = (
				Base,
				en,
			);
			mainGroup = 19AB9E99E3F66B02B210AD28;
			minimizedProjectReferenceProxies = 1;
			packageReferences = (
				97FEC4F32FD0A47C00B701DE /* XCLocalSwiftPackageReference "../.." */,
			);
			preferredProjectObjectVersion = 77;
			productRefGroup = 5E8781BE89E7C609661A65D7 /* Products */;
			projectDirPath = "";
			projectRoot = "";
			targets = (
				78FCB906C40832C3A15EF755 /* BlocksDemo */,
			);
		};
/* End PBXProject section */

/* Begin PBXResourcesBuildPhase section */
		00CB570BF29EE92CE86C9564 /* Resources */ = {
			isa = PBXResourcesBuildPhase;
			buildActionMask = 2147483647;
			files = (
				971014432FAD324600F8BE36 /* Assets.xcassets in Resources */,
			);
			runOnlyForDeploymentPostprocessing = 0;
		};
/* End PBXResourcesBuildPhase section */

/* Begin PBXSourcesBuildPhase section */
		6CBF6C26B8BED579FCBA0BB5 /* Sources */ = {
			isa = PBXSourcesBuildPhase;
			buildActionMask = 2147483647;
			files = (
				E00CF340A352AECF7776352B /* App.swift in Sources */,
				978664F32FB2B1DE002DB8C6 /* CursorTrackingView.swift in Sources */,
				623757CEB67AAF5D37D49B74 /* AuthSectionView.swift in Sources */,
				AAA4A822A7B7E823514DE5A3 /* CookieTestView.swift in Sources */,
				1783C53E3E28BD979C429371 /* KVStoreTestView.swift in Sources */,
				97347CEE2FE0651B00C2227D /* Models.swift in Sources */,
				97347CEF2FE0651B00C2227D /* API.swift in Sources */,
				64CC109D5839C1518392447B /* ResultMessage.swift in Sources */,
				7F6ED8289169A6E26C9D8255 /* RunAllTestsView.swift in Sources */,
				978664FB2FB51C0F002DB8C6 /* FileTransferView.swift in Sources */,
				B89D61708E2F09FFE98CC749 /* TodoSectionView.swift in Sources */,
			);
			runOnlyForDeploymentPostprocessing = 0;
		};
/* End PBXSourcesBuildPhase section */

/* Begin XCBuildConfiguration section */
		312E0418D12051662E58E803 /* Release */ = {
			isa = XCBuildConfiguration;
			buildSettings = {
				ASSETCATALOG_COMPILER_APPICON_NAME = AppIcon;
				CODE_SIGN_IDENTITY = "iPhone Developer";
				ENABLE_USER_SCRIPT_SANDBOXING = YES;
				GENERATE_INFOPLIST_FILE = NO;
				INFOPLIST_FILE = Info.plist;
				LD_RUNPATH_SEARCH_PATHS = (
					"$(inherited)",
					"@executable_path/Frameworks",
				);
				PRODUCT_BUNDLE_IDENTIFIER = com.blocksdemo.app;
				PRODUCT_NAME = BlocksDemo;
				SDKROOT = iphoneos;
				TARGETED_DEVICE_FAMILY = "1,2";
			};
			name = Release;
		};
		64CCB1159F4B7C3C9673CC3F /* Debug */ = {
			isa = XCBuildConfiguration;
			buildSettings = {
				ASSETCATALOG_COMPILER_APPICON_NAME = AppIcon;
				CODE_SIGN_IDENTITY = "iPhone Developer";
				ENABLE_USER_SCRIPT_SANDBOXING = YES;
				GENERATE_INFOPLIST_FILE = NO;
				INFOPLIST_FILE = Info.plist;
				LD_RUNPATH_SEARCH_PATHS = (
					"$(inherited)",
					"@executable_path/Frameworks",
				);
				PRODUCT_BUNDLE_IDENTIFIER = com.blocksdemo.app;
				PRODUCT_NAME = BlocksDemo;
				SDKROOT = iphoneos;
				TARGETED_DEVICE_FAMILY = "1,2";
			};
			name = Debug;
		};
		AC18790ED9A7FF93CBD1C476 /* Debug */ = {
			isa = XCBuildConfiguration;
			buildSettings = {
				ALWAYS_SEARCH_USER_PATHS = NO;
				CLANG_ANALYZER_NONNULL = YES;
				CLANG_ANALYZER_NUMBER_OBJECT_CONVERSION = YES_AGGRESSIVE;
				CLANG_CXX_LANGUAGE_STANDARD = "gnu++14";
				CLANG_CXX_LIBRARY = "libc++";
				CLANG_ENABLE_MODULES = YES;
				CLANG_ENABLE_OBJC_ARC = YES;
				CLANG_ENABLE_OBJC_WEAK = YES;
				CLANG_WARN_BLOCK_CAPTURE_AUTORELEASING = YES;
				CLANG_WARN_BOOL_CONVERSION = YES;
				CLANG_WARN_COMMA = YES;
				CLANG_WARN_CONSTANT_CONVERSION = YES;
				CLANG_WARN_DEPRECATED_OBJC_IMPLEMENTATIONS = YES;
				CLANG_WARN_DIRECT_OBJC_ISA_USAGE = YES_ERROR;
				CLANG_WARN_DOCUMENTATION_COMMENTS = YES;
				CLANG_WARN_EMPTY_BODY = YES;
				CLANG_WARN_ENUM_CONVERSION = YES;
				CLANG_WARN_INFINITE_RECURSION = YES;
				CLANG_WARN_INT_CONVERSION = YES;
				CLANG_WARN_NON_LITERAL_NULL_CONVERSION = YES;
				CLANG_WARN_OBJC_IMPLICIT_RETAIN_SELF = YES;
				CLANG_WARN_OBJC_LITERAL_CONVERSION = YES;
				CLANG_WARN_OBJC_ROOT_CLASS = YES_ERROR;
				CLANG_WARN_QUOTED_INCLUDE_IN_FRAMEWORK_HEADER = YES;
				CLANG_WARN_RANGE_LOOP_ANALYSIS = YES;
				CLANG_WARN_STRICT_PROTOTYPES = YES;
				CLANG_WARN_SUSPICIOUS_MOVE = YES;
				CLANG_WARN_UNGUARDED_AVAILABILITY = YES_AGGRESSIVE;
				CLANG_WARN_UNREACHABLE_CODE = YES;
				CLANG_WARN__DUPLICATE_METHOD_MATCH = YES;
				COPY_PHASE_STRIP = NO;
				DEBUG_INFORMATION_FORMAT = dwarf;
				DEVELOPMENT_TEAM = "";
				ENABLE_STRICT_OBJC_MSGSEND = YES;
				ENABLE_TESTABILITY = YES;
				ENABLE_USER_SCRIPT_SANDBOXING = YES;
				GCC_C_LANGUAGE_STANDARD = gnu11;
				GCC_DYNAMIC_NO_PIC = NO;
				GCC_NO_COMMON_BLOCKS = YES;
				GCC_OPTIMIZATION_LEVEL = 0;
				GCC_PREPROCESSOR_DEFINITIONS = (
					"$(inherited)",
					"DEBUG=1",
				);
				GCC_WARN_64_TO_32_BIT_CONVERSION = YES;
				GCC_WARN_ABOUT_RETURN_TYPE = YES_ERROR;
				GCC_WARN_UNDECLARED_SELECTOR = YES;
				GCC_WARN_UNINITIALIZED_AUTOS = YES_AGGRESSIVE;
				GCC_WARN_UNUSED_FUNCTION = YES;
				GCC_WARN_UNUSED_VARIABLE = YES;
				IPHONEOS_DEPLOYMENT_TARGET = 16.0;
				MTL_ENABLE_DEBUG_INFO = INCLUDE_SOURCE;
				MTL_FAST_MATH = YES;
				ONLY_ACTIVE_ARCH = YES;
				PRODUCT_NAME = "$(TARGET_NAME)";
				SDKROOT = iphoneos;
				STRING_CATALOG_GENERATE_SYMBOLS = YES;
				SWIFT_ACTIVE_COMPILATION_CONDITIONS = DEBUG;
				SWIFT_OPTIMIZATION_LEVEL = "-Onone";
				SWIFT_VERSION = 5.9;
			};
			name = Debug;
		};
		F216C53503D9E2FADBB04E58 /* Release */ = {
			isa = XCBuildConfiguration;
			buildSettings = {
				ALWAYS_SEARCH_USER_PATHS = NO;
				CLANG_ANALYZER_NONNULL = YES;
				CLANG_ANALYZER_NUMBER_OBJECT_CONVERSION = YES_AGGRESSIVE;
				CLANG_CXX_LANGUAGE_STANDARD = "gnu++14";
				CLANG_CXX_LIBRARY = "libc++";
				CLANG_ENABLE_MODULES = YES;
				CLANG_ENABLE_OBJC_ARC = YES;
				CLANG_ENABLE_OBJC_WEAK = YES;
				CLANG_WARN_BLOCK_CAPTURE_AUTORELEASING = YES;
				CLANG_WARN_BOOL_CONVERSION = YES;
				CLANG_WARN_COMMA = YES;
				CLANG_WARN_CONSTANT_CONVERSION = YES;
				CLANG_WARN_DEPRECATED_OBJC_IMPLEMENTATIONS = YES;
				CLANG_WARN_DIRECT_OBJC_ISA_USAGE = YES_ERROR;
				CLANG_WARN_DOCUMENTATION_COMMENTS = YES;
				CLANG_WARN_EMPTY_BODY = YES;
				CLANG_WARN_ENUM_CONVERSION = YES;
				CLANG_WARN_INFINITE_RECURSION = YES;
				CLANG_WARN_INT_CONVERSION = YES;
				CLANG_WARN_NON_LITERAL_NULL_CONVERSION = YES;
				CLANG_WARN_OBJC_IMPLICIT_RETAIN_SELF = YES;
				CLANG_WARN_OBJC_LITERAL_CONVERSION = YES;
				CLANG_WARN_OBJC_ROOT_CLASS = YES_ERROR;
				CLANG_WARN_QUOTED_INCLUDE_IN_FRAMEWORK_HEADER = YES;
				CLANG_WARN_RANGE_LOOP_ANALYSIS = YES;
				CLANG_WARN_STRICT_PROTOTYPES = YES;
				CLANG_WARN_SUSPICIOUS_MOVE = YES;
				CLANG_WARN_UNGUARDED_AVAILABILITY = YES_AGGRESSIVE;
				CLANG_WARN_UNREACHABLE_CODE = YES;
				CLANG_WARN__DUPLICATE_METHOD_MATCH = YES;
				COPY_PHASE_STRIP = NO;
				DEBUG_INFORMATION_FORMAT = "dwarf-with-dsym";
				DEVELOPMENT_TEAM = "";
				ENABLE_NS_ASSERTIONS = NO;
				ENABLE_STRICT_OBJC_MSGSEND = YES;
				ENABLE_USER_SCRIPT_SANDBOXING = YES;
				GCC_C_LANGUAGE_STANDARD = gnu11;
				GCC_NO_COMMON_BLOCKS = YES;
				GCC_WARN_64_TO_32_BIT_CONVERSION = YES;
				GCC_WARN_ABOUT_RETURN_TYPE = YES_ERROR;
				GCC_WARN_UNDECLARED_SELECTOR = YES;
				GCC_WARN_UNINITIALIZED_AUTOS = YES_AGGRESSIVE;
				GCC_WARN_UNUSED_FUNCTION = YES;
				GCC_WARN_UNUSED_VARIABLE = YES;
				IPHONEOS_DEPLOYMENT_TARGET = 16.0;
				MTL_ENABLE_DEBUG_INFO = NO;
				MTL_FAST_MATH = YES;
				PRODUCT_NAME = "$(TARGET_NAME)";
				SDKROOT = iphoneos;
				STRING_CATALOG_GENERATE_SYMBOLS = YES;
				SWIFT_COMPILATION_MODE = wholemodule;
				SWIFT_OPTIMIZATION_LEVEL = "-O";
				SWIFT_VERSION = 5.9;
			};
			name = Release;
		};
/* End XCBuildConfiguration section */

/* Begin XCConfigurationList section */
		C795311E88893F0280B58756 /* Build configuration list for PBXProject "BlocksDemo" */ = {
			isa = XCConfigurationList;
			buildConfigurations = (
				AC18790ED9A7FF93CBD1C476 /* Debug */,
				F216C53503D9E2FADBB04E58 /* Release */,
			);
			defaultConfigurationIsVisible = 0;
			defaultConfigurationName = Debug;
		};
		FEC6265A8057F08EF56599DB /* Build configuration list for PBXNativeTarget "BlocksDemo" */ = {
			isa = XCConfigurationList;
			buildConfigurations = (
				64CCB1159F4B7C3C9673CC3F /* Debug */,
				312E0418D12051662E58E803 /* Release */,
			);
			defaultConfigurationIsVisible = 0;
			defaultConfigurationName = Debug;
		};
/* End XCConfigurationList section */

/* Begin XCLocalSwiftPackageReference section */
		97FEC4F32FD0A47C00B701DE /* XCLocalSwiftPackageReference "../.." */ = {
			isa = XCLocalSwiftPackageReference;
			relativePath = ../..;
		};
/* End XCLocalSwiftPackageReference section */

/* Begin XCSwiftPackageProductDependency section */
		97BA2C0D2FB55C3F003AA34A /* BlocksRuntime */ = {
			isa = XCSwiftPackageProductDependency;
			productName = BlocksRuntime;
		};
		97E624262FB546D200A9D72A /* BlocksRuntime */ = {
			isa = XCSwiftPackageProductDependency;
			productName = BlocksRuntime;
		};
		97FEC4F42FD0A47C00B701DE /* BlocksRuntime */ = {
			isa = XCSwiftPackageProductDependency;
			productName = BlocksRuntime;
		};
/* End XCSwiftPackageProductDependency section */
	};
	rootObject = FC3C7BAB5708ED408A409ADF /* Project object */;
}
